
Microsoft Visual Studio Solution File, Format Version 12.00
# Visual Studio Version 16
VisualStudioVersion = 16.0.30804.86
MinimumVisualStudioVersion = 10.0.40219.1
Project("{FAE04EC0-301F-11D3-BF4B-00C04F79EFBC}") = "DashBoardProject", "DashBoardProject.csproj", "{1BA661DC-FEB4-4751-9B37-9E48F3262340}"
EndProject
Project("{FAE04EC0-301F-11D3-BF4B-00C04F79EFBC}") = "DashBoardProject.Tests", "..\DashBoardProject.Tests\DashBoardProject.Tests.csproj", "{8F85EA74-8513-4A41-8FA7-B6E327CBCBE0}"
EndProject
Global
	GlobalSection(SolutionConfigurationPlatforms) = preSolution
		Debug|Any CPU = Debug|Any CPU
		Release|Any CPU = Release|Any CPU
	EndGlobalSection
	GlobalSection(ProjectConfigurationPlatforms) = postSolution
		{1BA661DC-FEB4-4751-9B37-9E48F3262340}.Debug|Any CPU.ActiveCfg = Debug|Any CPU
		{1BA661DC-FEB4-4751-9B37-9E48F3262340}.Debug|Any CPU.Build.0 = Debug|Any CPU
		{1BA661DC-FEB4-4751-9B37-9E48F3262340}.Release|Any CPU.ActiveCfg = Release|Any CPU
		{1BA661DC-FEB4-4751-9B37-9E48F3262340}.Release|Any CPU.Build.0 = Release|Any CPU
		{8F85EA74-8513-4A41-8FA7-B6E327CBCBE0}.Debug|Any CPU.ActiveCfg = Debug|Any CPU
		{8F85EA74-8513-4A41-8FA7-B6E327CBCBE0}.Debug|Any CPU.Build.0 = Debug|Any CPU
		{8F85EA74-8513-4A41-8FA7-B6E327CBCBE0}.Release|Any CPU.ActiveCfg = Release|Any CPU
		{8F85EA74-8513-4A41-8FA7-B6E327CBCBE0}.Release|Any CPU.Build.0 = Release|Any CPU
	EndGlobalSection
	GlobalSection(SolutionProperties) = preSolution
		HideSolutionNode = FALSE
	EndGlobalSection
	GlobalSection(ExtensibilityGlobals) = postSolution
		SolutionGuid = {DD34A316-87DD-405A-AEE3-B7A7364DD23B}
	EndGlobalSection
EndGlobal
